
Microsoft Visual Studio Solution File, Format Version 12.00
# Visual Studio Version 17
VisualStudioVersion = 17.10.35013.160
MinimumVisualStudioVersion = 10.0.40219.1
Project("{9A19103F-16F7-4668-BE54-9A1E7A4F7556}") = "LongRunFunctionApp", "LongRunFunctionApp\LongRunFunctionApp.csproj", "{CDF4BEA5-1943-490B-A506-A68F07183020}"
EndProject
Project("{FAE04EC0-301F-11D3-BF4B-00C04F79EFBC}") = "LongRunWebApi", "LongRunWebApi\LongRunWebApi.csproj", "{D00D509B-B8D1-4453-BBA5-42D83DDEF0DB}"
EndProject
Global
	GlobalSection(SolutionConfigurationPlatforms) = preSolution
		Debug|Any CPU = Debug|Any CPU
		Release|Any CPU = Release|Any CPU
	EndGlobalSection
	GlobalSection(ProjectConfigurationPlatforms) = postSolution
		{CDF4BEA5-1943-490B-A506-A68F07183020}.Debug|Any CPU.ActiveCfg = Debug|Any CPU
		{CDF4BEA5-1943-490B-A506-A68F07183020}.Debug|Any CPU.Build.0 = Debug|Any CPU
		{CDF4BEA5-1943-490B-A506-A68F07183020}.Release|Any CPU.ActiveCfg = Release|Any CPU
		{CDF4BEA5-1943-490B-A506-A68F07183020}.Release|Any CPU.Build.0 = Release|Any CPU
		{D00D509B-B8D1-4453-BBA5-42D83DDEF0DB}.Debug|Any CPU.ActiveCfg = Debug|Any CPU
		{D00D509B-B8D1-4453-BBA5-42D83DDEF0DB}.Debug|Any CPU.Build.0 = Debug|Any CPU
		{D00D509B-B8D1-4453-BBA5-42D83DDEF0DB}.Release|Any CPU.ActiveCfg = Release|Any CPU
		{D00D509B-B8D1-4453-BBA5-42D83DDEF0DB}.Release|Any CPU.Build.0 = Release|Any CPU
	EndGlobalSection
	GlobalSection(SolutionProperties) = preSolution
		HideSolutionNode = FALSE
	EndGlobalSection
	GlobalSection(ExtensibilityGlobals) = postSolution
		SolutionGuid = {A4A22751-E961-4C98-B43D-E6EFCA77F7EE}
	EndGlobalSection
EndGlobal
